
Microsoft Visual Studio Solution File, Format Version 12.00
# Visual Studio Version 17
VisualStudioVersion = 17.0.31912.275
MinimumVisualStudioVersion = 10.0.40219.1
Project("{9A19103F-16F7-4668-BE54-9A1E7A4F7556}") = "lab7test", "lab7test\lab7test.csproj", "{D7FFDBBD-E72F-474A-8B82-5264B28B7339}"
EndProject
Project("{9A19103F-16F7-4668-BE54-9A1E7A4F7556}") = "popCount", "popCount\popCount.csproj", "{F7EB7B92-EAEB-4F19-82C9-90B2078ADE49}"
EndProject
Project("{9A19103F-16F7-4668-BE54-9A1E7A4F7556}") = "popCount.test", "popCount.test\popCount.test.csproj", "{770E60DB-5CB4-444A-9F82-C5EFE39AA4AA}"
EndProject
Project("{FAE04EC0-301F-11D3-BF4B-00C04F79EFBC}") = "BLL", "BLL\BLL.csproj", "{AE16F546-254B-4829-BB2A-439400EA42F3}"
EndProject
Project("{FAE04EC0-301F-11D3-BF4B-00C04F79EFBC}") = "CCL", "CCL\CCL.csproj", "{14B2CB37-22C0-42CB-8E80-282C559B2729}"
EndProject
Project("{FAE04EC0-301F-11D3-BF4B-00C04F79EFBC}") = "BLL.Tests", "BLL.Tests\BLL.Tests.csproj", "{A237A742-A5CB-4E96-A827-6E82FBB50C55}"
EndProject
Global
	GlobalSection(SolutionConfigurationPlatforms) = preSolution
		Debug|Any CPU = Debug|Any CPU
		Release|Any CPU = Release|Any CPU
	EndGlobalSection
	GlobalSection(ProjectConfigurationPlatforms) = postSolution
		{D7FFDBBD-E72F-474A-8B82-5264B28B7339}.Debug|Any CPU.ActiveCfg = Debug|Any CPU
		{D7FFDBBD-E72F-474A-8B82-5264B28B7339}.Debug|Any CPU.Build.0 = Debug|Any CPU
		{D7FFDBBD-E72F-474A-8B82-5264B28B7339}.Release|Any CPU.ActiveCfg = Release|Any CPU
		{D7FFDBBD-E72F-474A-8B82-5264B28B7339}.Release|Any CPU.Build.0 = Release|Any CPU
		{F7EB7B92-EAEB-4F19-82C9-90B2078ADE49}.Debug|Any CPU.ActiveCfg = Debug|Any CPU
		{F7EB7B92-EAEB-4F19-82C9-90B2078ADE49}.Debug|Any CPU.Build.0 = Debug|Any CPU
		{F7EB7B92-EAEB-4F19-82C9-90B2078ADE49}.Release|Any CPU.ActiveCfg = Release|Any CPU
		{F7EB7B92-EAEB-4F19-82C9-90B2078ADE49}.Release|Any CPU.Build.0 = Release|Any CPU
		{770E60DB-5CB4-444A-9F82-C5EFE39AA4AA}.Debug|Any CPU.ActiveCfg = Debug|Any CPU
		{770E60DB-5CB4-444A-9F82-C5EFE39AA4AA}.Debug|Any CPU.Build.0 = Debug|Any CPU
		{770E60DB-5CB4-444A-9F82-C5EFE39AA4AA}.Release|Any CPU.ActiveCfg = Release|Any CPU
		{770E60DB-5CB4-444A-9F82-C5EFE39AA4AA}.Release|Any CPU.Build.0 = Release|Any CPU
		{AE16F546-254B-4829-BB2A-439400EA42F3}.Debug|Any CPU.ActiveCfg = Debug|Any CPU
		{AE16F546-254B-4829-BB2A-439400EA42F3}.Debug|Any CPU.Build.0 = Debug|Any CPU
		{AE16F546-254B-4829-BB2A-439400EA42F3}.Release|Any CPU.ActiveCfg = Release|Any CPU
		{AE16F546-254B-4829-BB2A-439400EA42F3}.Release|Any CPU.Build.0 = Release|Any CPU
		{14B2CB37-22C0-42CB-8E80-282C559B2729}.Debug|Any CPU.ActiveCfg = Debug|Any CPU
		{14B2CB37-22C0-42CB-8E80-282C559B2729}.Debug|Any CPU.Build.0 = Debug|Any CPU
		{14B2CB37-22C0-42CB-8E80-282C559B2729}.Release|Any CPU.ActiveCfg = Release|Any CPU
		{14B2CB37-22C0-42CB-8E80-282C559B2729}.Release|Any CPU.Build.0 = Release|Any CPU
		{A237A742-A5CB-4E96-A827-6E82FBB50C55}.Debug|Any CPU.ActiveCfg = Debug|Any CPU
		{A237A742-A5CB-4E96-A827-6E82FBB50C55}.Debug|Any CPU.Build.0 = Debug|Any CPU
		{A237A742-A5CB-4E96-A827-6E82FBB50C55}.Release|Any CPU.ActiveCfg = Release|Any CPU
		{A237A742-A5CB-4E96-A827-6E82FBB50C55}.Release|Any CPU.Build.0 = Release|Any CPU
	EndGlobalSection
	GlobalSection(SolutionProperties) = preSolution
		HideSolutionNode = FALSE
	EndGlobalSection
	GlobalSection(ExtensibilityGlobals) = postSolution
		SolutionGuid = {5BFDABFB-985D-4E08-8C3F-6F4756E3E517}
	EndGlobalSection
EndGlobal
